// !$*UTF8*$!
{
	archiveVersion = 1;
	classes = {
	};
	objectVersion = 46;
	objects = {

/* Begin PBXBuildFile section */
		79087E081E55801000166B43 /* AppDelegate.swift in Sources */ = {isa = PBXBuildFile; fileRef = 79087E071E55801000166B43 /* AppDelegate.swift */; };
		79087E0A1E55801000166B43 /* ViewController.swift in Sources */ = {isa = PBXBuildFile; fileRef = 79087E091E55801000166B43 /* ViewController.swift */; };
		79087E0D1E55801000166B43 /* Main.storyboard in Resources */ = {isa = PBXBuildFile; fileRef = 79087E0B1E55801000166B43 /* Main.storyboard */; };
		79087E101E55801000166B43 /* DropDownCells.xcdatamodeld in Sources */ = {isa = PBXBuildFile; fileRef = 79087E0E1E55801000166B43 /* DropDownCells.xcdatamodeld */; };
		79087E121E55801000166B43 /* Assets.xcassets in Resources */ = {isa = PBXBuildFile; fileRef = 79087E111E55801000166B43 /* Assets.xcassets */; };
		79087E151E55801000166B43 /* LaunchScreen.storyboard in Resources */ = {isa = PBXBuildFile; fileRef = 79087E131E55801000166B43 /* LaunchScreen.storyboard */; };
		79087E201E55801000166B43 /* DropDownCellsTests.swift in Sources */ = {isa = PBXBuildFile; fileRef = 79087E1F1E55801000166B43 /* DropDownCellsTests.swift */; };
		79087E2B1E55801000166B43 /* DropDownCellsUITests.swift in Sources */ = {isa = PBXBuildFile; fileRef = 79087E2A1E55801000166B43 /* DropDownCellsUITests.swift */; };
		797FB53B1E666E5900CA1030 /* StackViewCell.swift in Sources */ = {isa = PBXBuildFile; fileRef = 797FB5391E666E5900CA1030 /* StackViewCell.swift */; };
		797FB53C1E666E5900CA1030 /* StackViewCell.xib in Resources */ = {isa = PBXBuildFile; fileRef = 797FB53A1E666E5900CA1030 /* StackViewCell.xib */; };
/* End PBXBuildFile section */

/* Begin PBXContainerItemProxy section */
		79087E1C1E55801000166B43 /* PBXContainerItemProxy */ = {
			isa = PBXContainerItemProxy;
			containerPortal = 79087DFC1E55800F00166B43 /* Project object */;
			proxyType = 1;
			remoteGlobalIDString = 79087E031E55800F00166B43;
			remoteInfo = DropDownCells;
		};
		79087E271E55801000166B43 /* PBXContainerItemProxy */ = {
			isa = PBXContainerItemProxy;
			containerPortal = 79087DFC1E55800F00166B43 /* Project object */;
			proxyType = 1;
			remoteGlobalIDString = 79087E031E55800F00166B43;
			remoteInfo = DropDownCells;
		};
/* End PBXContainerItemProxy section */

/* Begin PBXFileReference section */
		79087E041E55800F00166B43 /* DropDownCells.app */ = {isa = PBXFileReference; explicitFileType = wrapper.application; includeInIndex = 0; path = DropDownCells.app; sourceTree = BUILT_PRODUCTS_DIR; };
		79087E071E55801000166B43 /* AppDelegate.swift */ = {isa = PBXFileReference; lastKnownFileType = sourcecode.swift; path = AppDelegate.swift; sourceTree = "<group>"; };
		79087E091E55801000166B43 /* ViewController.swift */ = {isa = PBXFileReference; lastKnownFileType = sourcecode.swift; path = ViewController.swift; sourceTree = "<group>"; };
		79087E0C1E55801000166B43 /* Base */ = {isa = PBXFileReference; lastKnownFileType = file.storyboard; name = Base; path = Base.lproj/Main.storyboard; sourceTree = "<group>"; };
		79087E0F1E55801000166B43 /* DropDownCells.xcdatamodel */ = {isa = PBXFileReference; lastKnownFileType = wrapper.xcdatamodel; path = DropDownCells.xcdatamodel; sourceTree = "<group>"; };
		79087E111E55801000166B43 /* Assets.xcassets */ = {isa = PBXFileReference; lastKnownFileType = folder.assetcatalog; path = Assets.xcassets; sourceTree = "<group>"; };
		79087E141E55801000166B43 /* Base */ = {isa = PBXFileReference; lastKnownFileType = file.storyboard; name = Base; path = Base.lproj/LaunchScreen.storyboard; sourceTree = "<group>"; };
		79087E161E55801000166B43 /* Info.plist */ = {isa = PBXFileReference; lastKnownFileType = text.plist.xml; path = Info.plist; sourceTree = "<group>"; };
		79087E1B1E55801000166B43 /* DropDownCellsTests.xctest */ = {isa = PBXFileReference; explicitFileType = wrapper.cfbundle; includeInIndex = 0; path = DropDownCellsTests.xctest; sourceTree = BUILT_PRODUCTS_DIR; };
		79087E1F1E55801000166B43 /* DropDownCellsTests.swift */ = {isa = PBXFileReference; lastKnownFileType = sourcecode.swift; path = DropDownCellsTests.swift; sourceTree = "<group>"; };
		79087E211E55801000166B43 /* Info.plist */ = {isa = PBXFileReference; lastKnownFileType = text.plist.xml; path = Info.plist; sourceTree = "<group>"; };
		79087E261E55801000166B43 /* DropDownCellsUITests.xctest */ = {isa = PBXFileReference; explicitFileType = wrapper.cfbundle; includeInIndex = 0; path = DropDownCellsUITests.xctest; sourceTree = BUILT_PRODUCTS_DIR; };
		79087E2A1E55801000166B43 /* DropDownCellsUITests.swift */ = {isa = PBXFileReference; lastKnownFileType = sourcecode.swift; path = DropDownCellsUITests.swift; sourceTree = "<group>"; };
		79087E2C1E55801000166B43 /* Info.plist */ = {isa = PBXFileReference; lastKnownFileType = text.plist.xml; path = Info.plist; sourceTree = "<group>"; };
		797FB5391E666E5900CA1030 /* StackViewCell.swift */ = {isa = PBXFileReference; fileEncoding = 4; lastKnownFileType = sourcecode.swift; path = StackViewCell.swift; sourceTree = "<group>"; };
		797FB53A1E666E5900CA1030 /* StackViewCell.xib */ = {isa = PBXFileReference; fileEncoding = 4; lastKnownFileType = file.xib; path = StackViewCell.xib; sourceTree = "<group>"; };
/* End PBXFileReference section */

/* Begin PBXFrameworksBuildPhase section */
		79087E011E55800F00166B43 /* Frameworks */ = {
			isa = PBXFrameworksBuildPhase;
			buildActionMask = 2147483647;
			files = (
			);
			runOnlyForDeploymentPostprocessing = 0;
		};
		79087E181E55801000166B43 /* Frameworks */ = {
			isa = PBXFrameworksBuildPhase;
			buildActionMask = 2147483647;
			files = (
			);
			runOnlyForDeploymentPostprocessing = 0;
		};
		79087E231E55801000166B43 /* Frameworks */ = {
			isa = PBXFrameworksBuildPhase;
			buildActionMask = 2147483647;
			files = (
			);
			runOnlyForDeploymentPostprocessing = 0;
		};
/* End PBXFrameworksBuildPhase section */

/* Begin PBXGroup section */
		79087DFB1E55800F00166B43 = {
			isa = PBXGroup;
			children = (
				79087E061E55800F00166B43 /* DropDownCells */,
				79087E1E1E55801000166B43 /* DropDownCellsTests */,
				79087E291E55801000166B43 /* DropDownCellsUITests */,
				79087E051E55800F00166B43 /* Products */,
			);
			sourceTree = "<group>";
		};
		79087E051E55800F00166B43 /* Products */ = {
			isa = PBXGroup;
			children = (
				79087E041E55800F00166B43 /* DropDownCells.app */,
				79087E1B1E55801000166B43 /* DropDownCellsTests.xctest */,
				79087E261E55801000166B43 /* DropDownCellsUITests.xctest */,
			);
			name = Products;
			sourceTree = "<group>";
		};
		79087E061E55800F00166B43 /* DropDownCells */ = {
			isa = PBXGroup;
			children = (
				79087E071E55801000166B43 /* AppDelegate.swift */,
				79087E091E55801000166B43 /* ViewController.swift */,
				797FB5391E666E5900CA1030 /* StackViewCell.swift */,
				797FB53A1E666E5900CA1030 /* StackViewCell.xib */,
				79087E0B1E55801000166B43 /* Main.storyboard */,
				79087E111E55801000166B43 /* Assets.xcassets */,
				79087E131E55801000166B43 /* LaunchScreen.storyboard */,
				79087E161E55801000166B43 /* Info.plist */,
				79087E0E1E55801000166B43 /* DropDownCells.xcdatamodeld */,
			);
			path = DropDownCells;
			sourceTree = "<group>";
		};
		79087E1E1E55801000166B43 /* DropDownCellsTests */ = {
			isa = PBXGroup;
			children = (
				79087E1F1E55801000166B43 /* DropDownCellsTests.swift */,
				79087E211E55801000166B43 /* Info.plist */,
			);
			path = DropDownCellsTests;
			sourceTree = "<group>";
		};
		79087E291E55801000166B43 /* DropDownCellsUITests */ = {
			isa = PBXGroup;
			children = (
				79087E2A1E55801000166B43 /* DropDownCellsUITests.swift */,
				79087E2C1E55801000166B43 /* Info.plist */,
			);
			path = DropDownCellsUITests;
			sourceTree = "<group>";
		};
/* End PBXGroup section */

/* Begin PBXNativeTarget section */
		79087E031E55800F00166B43 /* DropDownCells */ = {
			isa = PBXNativeTarget;
			buildConfigurationList = 79087E2F1E55801000166B43 /* Build configuration list for PBXNativeTarget "DropDownCells" */;
			buildPhases = (
				79087E001E55800F00166B43 /* Sources */,
				79087E011E55800F00166B43 /* Frameworks */,
				79087E021E55800F00166B43 /* Resources */,
			);
			buildRules = (
			);
			dependencies = (
			);
			name = DropDownCells;
			productName = DropDownCells;
			productReference = 79087E041E55800F00166B43 /* DropDownCells.app */;
			productType = "com.apple.product-type.application";
		};
		79087E1A1E55801000166B43 /* DropDownCellsTests */ = {
			isa = PBXNativeTarget;
			buildConfigurationList = 79087E321E55801000166B43 /* Build configuration list for PBXNativeTarget "DropDownCellsTests" */;
			buildPhases = (
				79087E171E55801000166B43 /* Sources */,
				79087E181E55801000166B43 /* Frameworks */,
				79087E191E55801000166B43 /* Resources */,
			);
			buildRules = (
			);
			dependencies = (
				79087E1D1E55801000166B43 /* PBXTargetDependency */,
			);
			name = DropDownCellsTests;
			productName = DropDownCellsTests;
			productReference = 79087E1B1E55801000166B43 /* DropDownCellsTests.xctest */;
			productType = "com.apple.product-type.bundle.unit-test";
		};
		79087E251E55801000166B43 /* DropDownCellsUITests */ = {
			isa = PBXNativeTarget;
			buildConfigurationList = 79087E351E55801000166B43 /* Build configuration list for PBXNativeTarget "DropDownCellsUITests" */;
			buildPhases = (
				79087E221E55801000166B43 /* Sources */,
				79087E231E55801000166B43 /* Frameworks */,
				79087E241E55801000166B43 /* Resources */,
			);
			buildRules = (
			);
			dependencies = (
				79087E281E55801000166B43 /* PBXTargetDependency */,
			);
			name = DropDownCellsUITests;
			productName = DropDownCellsUITests;
			productReference = 79087E261E55801000166B43 /* DropDownCellsUITests.xctest */;
			productType = "com.apple.product-type.bundle.ui-testing";
		};
/* End PBXNativeTarget section */

/* Begin PBXProject section */
		79087DFC1E55800F00166B43 /* Project object */ = {
			isa = PBXProject;
			attributes = {
				LastSwiftUpdateCheck = 0820;
				LastUpgradeCheck = 0820;
				ORGANIZATIONNAME = "Max Nelson";
				TargetAttributes = {
					79087E031E55800F00166B43 = {
						CreatedOnToolsVersion = 8.2.1;
						DevelopmentTeam = G49JC8TMW5;
						ProvisioningStyle = Automatic;
					};
					79087E1A1E55801000166B43 = {
						CreatedOnToolsVersion = 8.2.1;
						DevelopmentTeam = G49JC8TMW5;
						ProvisioningStyle = Automatic;
						TestTargetID = 79087E031E55800F00166B43;
					};
					79087E251E55801000166B43 = {
						CreatedOnToolsVersion = 8.2.1;
						DevelopmentTeam = G49JC8TMW5;
						ProvisioningStyle = Automatic;
						TestTargetID = 79087E031E55800F00166B43;
					};
				};
			};
			buildConfigurationList = 79087DFF1E55800F00166B43 /* Build configuration list for PBXProject "DropDownCells" */;
			compatibilityVersion = "Xcode 3.2";
			developmentRegion = English;
			hasScannedForEncodings = 0;
			knownRegions = (
				en,
				Base,
			);
			mainGroup = 79087DFB1E55800F00166B43;
			productRefGroup = 79087E051E55800F00166B43 /* Products */;
			projectDirPath = "";
			projectRoot = "";
			targets = (
				79087E031E55800F00166B43 /* DropDownCells */,
				79087E1A1E55801000166B43 /* DropDownCellsTests */,
				79087E251E55801000166B43 /* DropDownCellsUITests */,
			);
		};
/* End PBXProject section */

/* Begin PBXResourcesBuildPhase section */
		79087E021E55800F00166B43 /* Resources */ = {
			isa = PBXResourcesBuildPhase;
			buildActionMask = 2147483647;
			files = (
				79087E151E55801000166B43 /* LaunchScreen.storyboard in Resources */,
				797FB53C1E666E5900CA1030 /* StackViewCell.xib in Resources */,
				79087E121E55801000166B43 /* Assets.xcassets in Resources */,
				79087E0D1E55801000166B43 /* Main.storyboard in Resources */,
			);
			runOnlyForDeploymentPostprocessing = 0;
		};
		79087E191E55801000166B43 /* Resources */ = {
			isa = PBXResourcesBuildPhase;
			buildActionMask = 2147483647;
			files = (
			);
			runOnlyForDeploymentPostprocessing = 0;
		};
		79087E241E55801000166B43 /* Resources */ = {
			isa = PBXResourcesBuildPhase;
			buildActionMask = 2147483647;
			files = (
			);
			runOnlyForDeploymentPostprocessing = 0;
		};
/* End PBXResourcesBuildPhase section */

/* Begin PBXSourcesBuildPhase section */
		79087E001E55800F00166B43 /* Sources */ = {
			isa = PBXSourcesBuildPhase;
			buildActionMask = 2147483647;
			files = (
				79087E101E55801000166B43 /* DropDownCells.xcdatamodeld in Sources */,
				79087E0A1E55801000166B43 /* ViewController.swift in Sources */,
				797FB53B1E666E5900CA1030 /* StackViewCell.swift in Sources */,
				79087E081E55801000166B43 /* AppDelegate.swift in Sources */,
			);
			runOnlyForDeploymentPostprocessing = 0;
		};
		79087E171E55801000166B43 /* Sources */ = {
			isa = PBXSourcesBuildPhase;
			buildActionMask = 2147483647;
			files = (
				79087E201E55801000166B43 /* DropDownCellsTests.swift in Sources */,
			);
			runOnlyForDeploymentPostprocessing = 0;
		};
		79087E221E55801000166B43 /* Sources */ = {
			isa = PBXSourcesBuildPhase;
			buildActionMask = 2147483647;
			files = (
				79087E2B1E55801000166B43 /* DropDownCellsUITests.swift in Sources */,
			);
			runOnlyForDeploymentPostprocessing = 0;
		};
/* End PBXSourcesBuildPhase section */

/* Begin PBXTargetDependency section */
		79087E1D1E55801000166B43 /* PBXTargetDependency */ = {
			isa = PBXTargetDependency;
			target = 79087E031E55800F00166B43 /* DropDownCells */;
			targetProxy = 79087E1C1E55801000166B43 /* PBXContainerItemProxy */;
		};
		79087E281E55801000166B43 /* PBXTargetDependency */ = {
			isa = PBXTargetDependency;
			target = 79087E031E55800F00166B43 /* DropDownCells */;
			targetProxy = 79087E271E55801000166B43 /* PBXContainerItemProxy */;
		};
/* End PBXTargetDependency section */

/* Begin PBXVariantGroup section */
		79087E0B1E55801000166B43 /* Main.storyboard */ = {
			isa = PBXVariantGroup;
			children = (
				79087E0C1E55801000166B43 /* Base */,
			);
			name = Main.storyboard;
			sourceTree = "<group>";
		};
		79087E131E55801000166B43 /* LaunchScreen.storyboard */ = {
			isa = PBXVariantGroup;
			children = (
				79087E141E55801000166B43 /* Base */,
			);
			name = LaunchScreen.storyboard;
			sourceTree = "<group>";
		};
/* End PBXVariantGroup section */

/* Begin XCBuildConfiguration section */
		79087E2D1E55801000166B43 /* Debug */ = {
			isa = XCBuildConfiguration;
			buildSettings = {
				ALWAYS_SEARCH_USER_PATHS = NO;
				CLANG_ANALYZER_NONNULL = YES;
				CLANG_CXX_LANGUAGE_STANDARD = "gnu++0x";
				CLANG_CXX_LIBRARY = "libc++";
				CLANG_ENABLE_MODULES = YES;
				CLANG_ENABLE_OBJC_ARC = YES;
				CLANG_WARN_BOOL_CONVERSION = YES;
				CLANG_WARN_CONSTANT_CONVERSION = YES;
				CLANG_WARN_DIRECT_OBJC_ISA_USAGE = YES_ERROR;
				CLANG_WARN_DOCUMENTATION_COMMENTS = YES;
				CLANG_WARN_EMPTY_BODY = YES;
				CLANG_WARN_ENUM_CONVERSION = YES;
				CLANG_WARN_INFINITE_RECURSION = YES;
				CLANG_WARN_INT_CONVERSION = YES;
				CLANG_WARN_OBJC_ROOT_CLASS = YES_ERROR;
				CLANG_WARN_SUSPICIOUS_MOVE = YES;
				CLANG_WARN_UNREACHABLE_CODE = YES;
				CLANG_WARN__DUPLICATE_METHOD_MATCH = YES;
				"CODE_SIGN_IDENTITY[sdk=iphoneos*]" = "iPhone Developer";
				COPY_PHASE_STRIP = NO;
				DEBUG_INFORMATION_FORMAT = dwarf;
				ENABLE_STRICT_OBJC_MSGSEND = YES;
				ENABLE_TESTABILITY = YES;
				GCC_C_LANGUAGE_STANDARD = gnu99;
				GCC_DYNAMIC_NO_PIC = NO;
				GCC_NO_COMMON_BLOCKS = YES;
				GCC_OPTIMIZATION_LEVEL = 0;
				GCC_PREPROCESSOR_DEFINITIONS = (
					"DEBUG=1",
					"$(inherited)",
				);
				GCC_WARN_64_TO_32_BIT_CONVERSION = YES;
				GCC_WARN_ABOUT_RETURN_TYPE = YES_ERROR;
				GCC_WARN_UNDECLARED_SELECTOR = YES;
				GCC_WARN_UNINITIALIZED_AUTOS = YES_AGGRESSIVE;
				GCC_WARN_UNUSED_FUNCTION = YES;
				GCC_WARN_UNUSED_VARIABLE = YES;
				IPHONEOS_DEPLOYMENT_TARGET = 10.2;
				MTL_ENABLE_DEBUG_INFO = YES;
				ONLY_ACTIVE_ARCH = YES;
				SDKROOT = iphoneos;
				SWIFT_ACTIVE_COMPILATION_CONDITIONS = DEBUG;
				SWIFT_OPTIMIZATION_LEVEL = "-Onone";
				TARGETED_DEVICE_FAMILY = "1,2";
			};
			name = Debug;
		};
		79087E2E1E55801000166B43 /* Release */ = {
			isa = XCBuildConfiguration;
			buildSettings = {
				ALWAYS_SEARCH_USER_PATHS = NO;
				CLANG_ANALYZER_NONNULL = YES;
				CLANG_CXX_LANGUAGE_STANDARD = "gnu++0x";
				CLANG_CXX_LIBRARY = "libc++";
				CLANG_ENABLE_MODULES = YES;
				CLANG_ENABLE_OBJC_ARC = YES;
				CLANG_WARN_BOOL_CONVERSION = YES;
				CLANG_WARN_CONSTANT_CONVERSION = YES;
				CLANG_WARN_DIRECT_OBJC_ISA_USAGE = YES_ERROR;
				CLANG_WARN_DOCUMENTATION_COMMENTS = YES;
				CLANG_WARN_EMPTY_BODY = YES;
				CLANG_WARN_ENUM_CONVERSION = YES;
				CLANG_WARN_INFINITE_RECURSION = YES;
				CLANG_WARN_INT_CONVERSION = YES;
				CLANG_WARN_OBJC_ROOT_CLASS = YES_ERROR;
				CLANG_WARN_SUSPICIOUS_MOVE = YES;
				CLANG_WARN_UNREACHABLE_CODE = YES;
				CLANG_WARN__DUPLICATE_METHOD_MATCH = YES;
				"CODE_SIGN_IDENTITY[sdk=iphoneos*]" = "iPhone Developer";
				COPY_PHASE_STRIP = NO;
				DEBUG_INFORMATION_FORMAT = "dwarf-with-dsym";
				ENABLE_NS_ASSERTIONS = NO;
				ENABLE_STRICT_OBJC_MSGSEND = YES;
				GCC_C_LANGUAGE_STANDARD = gnu99;
				GCC_NO_COMMON_BLOCKS = YES;
				GCC_WARN_64_TO_32_BIT_CONVERSION = YES;
				GCC_WARN_ABOUT_RETURN_TYPE = YES_ERROR;
				GCC_WARN_UNDECLARED_SELECTOR = YES;
				GCC_WARN_UNINITIALIZED_AUTOS = YES_AGGRESSIVE;
				GCC_WARN_UNUSED_FUNCTION = YES;
				GCC_WARN_UNUSED_VARIABLE = YES;
				IPHONEOS_DEPLOYMENT_TARGET = 10.2;
				MTL_ENABLE_DEBUG_INFO = NO;
				SDKROOT = iphoneos;
				SWIFT_OPTIMIZATION_LEVEL = "-Owholemodule";
				TARGETED_DEVICE_FAMILY = "1,2";
				VALIDATE_PRODUCT = YES;
			};
			name = Release;
		};
		79087E301E55801000166B43 /* Debug */ = {
			isa = XCBuildConfiguration;
			buildSettings = {
				ASSETCATALOG_COMPILER_APPICON_NAME = AppIcon;
				DEVELOPMENT_TEAM = G49JC8TMW5;
				INFOPLIST_FILE = DropDownCells/Info.plist;
				LD_RUNPATH_SEARCH_PATHS = "$(inherited) @executable_path/Frameworks";
				PRODUCT_BUNDLE_IDENTIFIER = com.maxnelson.DropDownCells;
				PRODUCT_NAME = "$(TARGET_NAME)";
				SWIFT_VERSION = 3.0;
			};
			name = Debug;
		};
		79087E311E55801000166B43 /* Release */ = {
			isa = XCBuildConfiguration;
			buildSettings = {
				ASSETCATALOG_COMPILER_APPICON_NAME = AppIcon;
				DEVELOPMENT_TEAM = G49JC8TMW5;
				INFOPLIST_FILE = DropDownCells/Info.plist;
				LD_RUNPATH_SEARCH_PATHS = "$(inherited) @executable_path/Frameworks";
				PRODUCT_BUNDLE_IDENTIFIER = com.maxnelson.DropDownCells;
				PRODUCT_NAME = "$(TARGET_NAME)";
				SWIFT_VERSION = 3.0;
			};
			name = Release;
		};
		79087E331E55801000166B43 /* Debug */ = {
			isa = XCBuildConfiguration;
			buildSettings = {
				ALWAYS_EMBED_SWIFT_STANDARD_LIBRARIES = YES;
				BUNDLE_LOADER = "$(TEST_HOST)";
				DEVELOPMENT_TEAM = G49JC8TMW5;
				INFOPLIST_FILE = DropDownCellsTests/Info.plist;
				LD_RUNPATH_SEARCH_PATHS = "$(inherited) @executable_path/Frameworks @loader_path/Frameworks";
				PRODUCT_BUNDLE_IDENTIFIER = com.maxnelson.DropDownCellsTests;
				PRODUCT_NAME = "$(TARGET_NAME)";
				SWIFT_VERSION = 3.0;
				TEST_HOST = "$(BUILT_PRODUCTS_DIR)/DropDownCells.app/DropDownCells";
			};
			name = Debug;
		};
		79087E341E55801000166B43 /* Release */ = {
			isa = XCBuildConfiguration;
			buildSettings = {
				ALWAYS_EMBED_SWIFT_STANDARD_LIBRARIES = YES;
				BUNDLE_LOADER = "$(TEST_HOST)";
				DEVELOPMENT_TEAM = G49JC8TMW5;
				INFOPLIST_FILE = DropDownCellsTests/Info.plist;
				LD_RUNPATH_SEARCH_PATHS = "$(inherited) @executable_path/Frameworks @loader_path/Frameworks";
				PRODUCT_BUNDLE_IDENTIFIER = com.maxnelson.DropDownCellsTests;
				PRODUCT_NAME = "$(TARGET_NAME)";
				SWIFT_VERSION = 3.0;
				TEST_HOST = "$(BUILT_PRODUCTS_DIR)/DropDownCells.app/DropDownCells";
			};
			name = Release;
		};
		79087E361E55801000166B43 /* Debug */ = {
			isa = XCBuildConfiguration;
			buildSettings = {
				ALWAYS_EMBED_SWIFT_STANDARD_LIBRARIES = YES;
				DEVELOPMENT_TEAM = G49JC8TMW5;
				INFOPLIST_FILE = DropDownCellsUITests/Info.plist;
				LD_RUNPATH_SEARCH_PATHS = "$(inherited) @executable_path/Frameworks @loader_path/Frameworks";
				PRODUCT_BUNDLE_IDENTIFIER = com.maxnelson.DropDownCellsUITests;
				PRODUCT_NAME = "$(TARGET_NAME)";
				SWIFT_VERSION = 3.0;
				TEST_TARGET_NAME = DropDownCells;
			};
			name = Debug;
		};
		79087E371E55801000166B43 /* Release */ = {
			isa = XCBuildConfiguration;
			buildSettings = {
				ALWAYS_EMBED_SWIFT_STANDARD_LIBRARIES = YES;
				DEVELOPMENT_TEAM = G49JC8TMW5;
				INFOPLIST_FILE = DropDownCellsUITests/Info.plist;
				LD_RUNPATH_SEARCH_PATHS = "$(inherited) @executable_path/Frameworks @loader_path/Frameworks";
				PRODUCT_BUNDLE_IDENTIFIER = com.maxnelson.DropDownCellsUITests;
				PRODUCT_NAME = "$(TARGET_NAME)";
				SWIFT_VERSION = 3.0;
				TEST_TARGET_NAME = DropDownCells;
			};
			name = Release;
		};
/* End XCBuildConfiguration section */

/* Begin XCConfigurationList section */
		79087DFF1E55800F00166B43 /* Build configuration list for PBXProject "DropDownCells" */ = {
			isa = XCConfigurationList;
			buildConfigurations = (
				79087E2D1E55801000166B43 /* Debug */,
				79087E2E1E55801000166B43 /* Release */,
			);
			defaultConfigurationIsVisible = 0;
			defaultConfigurationName = Release;
		};
		79087E2F1E55801000166B43 /* Build configuration list for PBXNativeTarget "DropDownCells" */ = {
			isa = XCConfigurationList;
			buildConfigurations = (
				79087E301E55801000166B43 /* Debug */,
				79087E311E55801000166B43 /* Release */,
			);
			defaultConfigurationIsVisible = 0;
			defaultConfigurationName = Release;
		};
		79087E321E55801000166B43 /* Build configuration list for PBXNativeTarget "DropDownCellsTests" */ = {
			isa = XCConfigurationList;
			buildConfigurations = (
				79087E331E55801000166B43 /* Debug */,
				79087E341E55801000166B43 /* Release */,
			);
			defaultConfigurationIsVisible = 0;
			defaultConfigurationName = Release;
		};
		79087E351E55801000166B43 /* Build configuration list for PBXNativeTarget "DropDownCellsUITests" */ = {
			isa = XCConfigurationList;
			buildConfigurations = (
				79087E361E55801000166B43 /* Debug */,
				79087E371E55801000166B43 /* Release */,
			);
			defaultConfigurationIsVisible = 0;
			defaultConfigurationName = Release;
		};
/* End XCConfigurationList section */

/* Begin XCVersionGroup section */
		79087E0E1E55801000166B43 /* DropDownCells.xcdatamodeld */ = {
			isa = XCVersionGroup;
			children = (
				79087E0F1E55801000166B43 /* DropDownCells.xcdatamodel */,
			);
			currentVersion = 79087E0F1E55801000166B43 /* DropDownCells.xcdatamodel */;
			path = DropDownCells.xcdatamodeld;
			sourceTree = "<group>";
			versionGroupType = wrapper.xcdatamodel;
		};
/* End XCVersionGroup section */
	};
	rootObject = 79087DFC1E55800F00166B43 /* Project object */;
}
